
Microsoft Visual Studio Solution File, Format Version 12.00
# Visual Studio Version 17
VisualStudioVersion = 17.0.31903.59
MinimumVisualStudioVersion = 10.0.40219.1
Project("{FAE04EC0-301F-11D3-BF4B-00C04F79EFBC}") = "Entities", "Entities\Entities.csproj", "{CA6AFCD5-3F18-4AD5-884B-E90DD0FB7AA6}"
EndProject
Project("{FAE04EC0-301F-11D3-BF4B-00C04F79EFBC}") = "DataAccess", "DataAccess\DataAccess.csproj", "{01F1BE3A-65F2-4986-A2CD-B4DF00D0E02A}"
EndProject
Project("{FAE04EC0-301F-11D3-BF4B-00C04F79EFBC}") = "Core", "Core\Core.csproj", "{CEBBCD95-3861-4633-B19F-099E4DEA6666}"
EndProject
Project("{FAE04EC0-301F-11D3-BF4B-00C04F79EFBC}") = "Business", "Business\Business.csproj", "{1059DB33-8212-4F68-A0CA-7504978D05AE}"
EndProject
Project("{FAE04EC0-301F-11D3-BF4B-00C04F79EFBC}") = "ConsoleUI", "ConsoleUI\ConsoleUI.csproj", "{91840A15-BD67-4889-919F-8730CC06D01A}"
EndProject
Global
	GlobalSection(SolutionConfigurationPlatforms) = preSolution
		Debug|Any CPU = Debug|Any CPU
		Release|Any CPU = Release|Any CPU
	EndGlobalSection
	GlobalSection(ProjectConfigurationPlatforms) = postSolution
		{CA6AFCD5-3F18-4AD5-884B-E90DD0FB7AA6}.Debug|Any CPU.ActiveCfg = Debug|Any CPU
		{CA6AFCD5-3F18-4AD5-884B-E90DD0FB7AA6}.Debug|Any CPU.Build.0 = Debug|Any CPU
		{CA6AFCD5-3F18-4AD5-884B-E90DD0FB7AA6}.Release|Any CPU.ActiveCfg = Release|Any CPU
		{CA6AFCD5-3F18-4AD5-884B-E90DD0FB7AA6}.Release|Any CPU.Build.0 = Release|Any CPU
		{01F1BE3A-65F2-4986-A2CD-B4DF00D0E02A}.Debug|Any CPU.ActiveCfg = Debug|Any CPU
		{01F1BE3A-65F2-4986-A2CD-B4DF00D0E02A}.Debug|Any CPU.Build.0 = Debug|Any CPU
		{01F1BE3A-65F2-4986-A2CD-B4DF00D0E02A}.Release|Any CPU.ActiveCfg = Release|Any CPU
		{01F1BE3A-65F2-4986-A2CD-B4DF00D0E02A}.Release|Any CPU.Build.0 = Release|Any CPU
		{CEBBCD95-3861-4633-B19F-099E4DEA6666}.Debug|Any CPU.ActiveCfg = Debug|Any CPU
		{CEBBCD95-3861-4633-B19F-099E4DEA6666}.Debug|Any CPU.Build.0 = Debug|Any CPU
		{CEBBCD95-3861-4633-B19F-099E4DEA6666}.Release|Any CPU.ActiveCfg = Release|Any CPU
		{CEBBCD95-3861-4633-B19F-099E4DEA6666}.Release|Any CPU.Build.0 = Release|Any CPU
		{1059DB33-8212-4F68-A0CA-7504978D05AE}.Debug|Any CPU.ActiveCfg = Debug|Any CPU
		{1059DB33-8212-4F68-A0CA-7504978D05AE}.Debug|Any CPU.Build.0 = Debug|Any CPU
		{1059DB33-8212-4F68-A0CA-7504978D05AE}.Release|Any CPU.ActiveCfg = Release|Any CPU
		{1059DB33-8212-4F68-A0CA-7504978D05AE}.Release|Any CPU.Build.0 = Release|Any CPU
		{91840A15-BD67-4889-919F-8730CC06D01A}.Debug|Any CPU.ActiveCfg = Debug|Any CPU
		{91840A15-BD67-4889-919F-8730CC06D01A}.Debug|Any CPU.Build.0 = Debug|Any CPU
		{91840A15-BD67-4889-919F-8730CC06D01A}.Release|Any CPU.ActiveCfg = Release|Any CPU
		{91840A15-BD67-4889-919F-8730CC06D01A}.Release|Any CPU.Build.0 = Release|Any CPU
	EndGlobalSection
	GlobalSection(SolutionProperties) = preSolution
		HideSolutionNode = FALSE
	EndGlobalSection
	GlobalSection(ExtensibilityGlobals) = postSolution
		SolutionGuid = {26ECFCD2-9E4B-4C1C-A0DC-56C4820CDCE3}
	EndGlobalSection
EndGlobal
